
Microsoft Visual Studio Solution File, Format Version 12.00
# Visual Studio 15
Project("{FAE04EC0-301F-11D3-BF4B-00C04F79EFBC}") = "Assembly-CSharp", "Assembly-CSharp.csproj", "{A5FA923E-448C-5E93-2527-8BCE6E7793E2}"
EndProject
Project("{FAE04EC0-301F-11D3-BF4B-00C04F79EFBC}") = "NavMeshComponents", "NavMeshComponents.csproj", "{6974B474-5CD5-2147-EF28-2A0AC02988F8}"
EndProject
Project("{FAE04EC0-301F-11D3-BF4B-00C04F79EFBC}") = "NavMeshComponentsEditor", "NavMeshComponentsEditor.csproj", "{91515021-0137-68F2-7492-FC224A6CDA87}"
EndProject
Project("{FAE04EC0-301F-11D3-BF4B-00C04F79EFBC}") = "Assembly-CSharp-Editor", "Assembly-CSharp-Editor.csproj", "{7BC51515-12E2-7E96-CF32-E5C2B4EDABFE}"
EndProject
Global
	GlobalSection(SolutionConfigurationPlatforms) = preSolution
		Debug|Any CPU = Debug|Any CPU
		Release|Any CPU = Release|Any CPU
	EndGlobalSection
	GlobalSection(ProjectConfigurationPlatforms) = postSolution
		{A5FA923E-448C-5E93-2527-8BCE6E7793E2}.Debug|Any CPU.ActiveCfg = Debug|Any CPU
		{A5FA923E-448C-5E93-2527-8BCE6E7793E2}.Debug|Any CPU.Build.0 = Debug|Any CPU
		{A5FA923E-448C-5E93-2527-8BCE6E7793E2}.Release|Any CPU.ActiveCfg = Release|Any CPU
		{A5FA923E-448C-5E93-2527-8BCE6E7793E2}.Release|Any CPU.Build.0 = Release|Any CPU
		{6974B474-5CD5-2147-EF28-2A0AC02988F8}.Debug|Any CPU.ActiveCfg = Debug|Any CPU
		{6974B474-5CD5-2147-EF28-2A0AC02988F8}.Debug|Any CPU.Build.0 = Debug|Any CPU
		{6974B474-5CD5-2147-EF28-2A0AC02988F8}.Release|Any CPU.ActiveCfg = Release|Any CPU
		{6974B474-5CD5-2147-EF28-2A0AC02988F8}.Release|Any CPU.Build.0 = Release|Any CPU
		{91515021-0137-68F2-7492-FC224A6CDA87}.Debug|Any CPU.ActiveCfg = Debug|Any CPU
		{91515021-0137-68F2-7492-FC224A6CDA87}.Debug|Any CPU.Build.0 = Debug|Any CPU
		{91515021-0137-68F2-7492-FC224A6CDA87}.Release|Any CPU.ActiveCfg = Release|Any CPU
		{91515021-0137-68F2-7492-FC224A6CDA87}.Release|Any CPU.Build.0 = Release|Any CPU
		{7BC51515-12E2-7E96-CF32-E5C2B4EDABFE}.Debug|Any CPU.ActiveCfg = Debug|Any CPU
		{7BC51515-12E2-7E96-CF32-E5C2B4EDABFE}.Debug|Any CPU.Build.0 = Debug|Any CPU
		{7BC51515-12E2-7E96-CF32-E5C2B4EDABFE}.Release|Any CPU.ActiveCfg = Release|Any CPU
		{7BC51515-12E2-7E96-CF32-E5C2B4EDABFE}.Release|Any CPU.Build.0 = Release|Any CPU
	EndGlobalSection
	GlobalSection(SolutionProperties) = preSolution
		HideSolutionNode = FALSE
	EndGlobalSection
EndGlobal
