
Microsoft Visual Studio Solution File, Format Version 12.00
# Visual Studio 15
Project("{FAE04EC0-301F-11D3-BF4B-00C04F79EFBC}") = "Assembly-CSharp", "Assembly-CSharp.csproj", "{27B74F69-4273-14A2-0863-698A54440CFE}"
EndProject
Project("{FAE04EC0-301F-11D3-BF4B-00C04F79EFBC}") = "NavMeshComponents", "NavMeshComponents.csproj", "{B7E811C6-89AC-BF14-9144-B31320E790EE}"
EndProject
Project("{FAE04EC0-301F-11D3-BF4B-00C04F79EFBC}") = "NavMeshComponentsEditor", "NavMeshComponentsEditor.csproj", "{BAE6C9B6-971D-F71C-7DF1-BF050970FE0A}"
EndProject
Project("{FAE04EC0-301F-11D3-BF4B-00C04F79EFBC}") = "Assembly-CSharp-Editor", "Assembly-CSharp-Editor.csproj", "{F4CDB3D3-144A-F0ED-E40F-67ED8069E1F9}"
EndProject
Global
	GlobalSection(SolutionConfigurationPlatforms) = preSolution
		Debug|Any CPU = Debug|Any CPU
		Release|Any CPU = Release|Any CPU
	EndGlobalSection
	GlobalSection(ProjectConfigurationPlatforms) = postSolution
		{27B74F69-4273-14A2-0863-698A54440CFE}.Debug|Any CPU.ActiveCfg = Debug|Any CPU
		{27B74F69-4273-14A2-0863-698A54440CFE}.Debug|Any CPU.Build.0 = Debug|Any CPU
		{27B74F69-4273-14A2-0863-698A54440CFE}.Release|Any CPU.ActiveCfg = Release|Any CPU
		{27B74F69-4273-14A2-0863-698A54440CFE}.Release|Any CPU.Build.0 = Release|Any CPU
		{B7E811C6-89AC-BF14-9144-B31320E790EE}.Debug|Any CPU.ActiveCfg = Debug|Any CPU
		{B7E811C6-89AC-BF14-9144-B31320E790EE}.Debug|Any CPU.Build.0 = Debug|Any CPU
		{B7E811C6-89AC-BF14-9144-B31320E790EE}.Release|Any CPU.ActiveCfg = Release|Any CPU
		{B7E811C6-89AC-BF14-9144-B31320E790EE}.Release|Any CPU.Build.0 = Release|Any CPU
		{BAE6C9B6-971D-F71C-7DF1-BF050970FE0A}.Debug|Any CPU.ActiveCfg = Debug|Any CPU
		{BAE6C9B6-971D-F71C-7DF1-BF050970FE0A}.Debug|Any CPU.Build.0 = Debug|Any CPU
		{BAE6C9B6-971D-F71C-7DF1-BF050970FE0A}.Release|Any CPU.ActiveCfg = Release|Any CPU
		{BAE6C9B6-971D-F71C-7DF1-BF050970FE0A}.Release|Any CPU.Build.0 = Release|Any CPU
		{F4CDB3D3-144A-F0ED-E40F-67ED8069E1F9}.Debug|Any CPU.ActiveCfg = Debug|Any CPU
		{F4CDB3D3-144A-F0ED-E40F-67ED8069E1F9}.Debug|Any CPU.Build.0 = Debug|Any CPU
		{F4CDB3D3-144A-F0ED-E40F-67ED8069E1F9}.Release|Any CPU.ActiveCfg = Release|Any CPU
		{F4CDB3D3-144A-F0ED-E40F-67ED8069E1F9}.Release|Any CPU.Build.0 = Release|Any CPU
	EndGlobalSection
	GlobalSection(SolutionProperties) = preSolution
		HideSolutionNode = FALSE
	EndGlobalSection
EndGlobal
